// !$*UTF8*$!
{
	archiveVersion = 1;
	classes = {
	};
	objectVersion = 48;
	objects = {

/* Begin PBXBuildFile section */
		E200E17F158C1FD90078EAF8 /* Cocoa.framework in Frameworks */ = {isa = PBXBuildFile; fileRef = 1058C7A1FEA54F0111CA2CBB /* Cocoa.framework */; };
		E222CE541D63742A00A1E982 /* Media.xcassets in Resources */ = {isa = PBXBuildFile; fileRef = E222CE531D63742A00A1E982 /* Media.xcassets */; };
		E22CE76C18A49AEA008A0C72 /* StoreKit.framework in Frameworks */ = {isa = PBXBuildFile; fileRef = E22CE76B18A49AEA008A0C72 /* StoreKit.framework */; };
		E25ADC011D90498700CD0CCA /* GARawTracker.m in Sources */ = {isa = PBXBuildFile; fileRef = E25ADC001D90498700CD0CCA /* GARawTracker.m */; };
		E279087918AF410C00B752E1 /* InAppStore.m in Sources */ = {isa = PBXBuildFile; fileRef = E279087718AF410C00B752E1 /* InAppStore.m */; };
		E279087A18AF410C00B752E1 /* main.m in Sources */ = {isa = PBXBuildFile; fileRef = E279087818AF410C00B752E1 /* main.m */; };
		E279087C18AF41AA00B752E1 /* Security.framework in Frameworks */ = {isa = PBXBuildFile; fileRef = E279087B18AF41AA00B752E1 /* Security.framework */; };
		E279087E18AF41AF00B752E1 /* IOKit.framework in Frameworks */ = {isa = PBXBuildFile; fileRef = E279087D18AF41AF00B752E1 /* IOKit.framework */; };
		E279088018AF41BA00B752E1 /* SystemConfiguration.framework in Frameworks */ = {isa = PBXBuildFile; fileRef = E279087F18AF41BA00B752E1 /* SystemConfiguration.framework */; };
		E289ED1A18A4BB8100A9D28D /* DirectoryScanner.m in Sources */ = {isa = PBXBuildFile; fileRef = E289ED1918A4BB8100A9D28D /* DirectoryScanner.m */; };
		E296D7E518A56F890091AAF3 /* Localizable.strings in Resources */ = {isa = PBXBuildFile; fileRef = E296D7E118A56F890091AAF3 /* Localizable.strings */; };
		E296D7E618A56F890091AAF3 /* MainMenu.xib in Resources */ = {isa = PBXBuildFile; fileRef = E296D7E318A56F890091AAF3 /* MainMenu.xib */; };
		E296D7E918A591C00091AAF3 /* ValueTransformers.m in Sources */ = {isa = PBXBuildFile; fileRef = E296D7E818A591C00091AAF3 /* ValueTransformers.m */; };
		E2A5366919EBA2DA00C19F8B /* libsqlite3.dylib in Frameworks */ = {isa = PBXBuildFile; fileRef = E2A5366819EBA2DA00C19F8B /* libsqlite3.dylib */; };
		E2C73DFD19F2045600BEC354 /* XLASLLogger.m in Sources */ = {isa = PBXBuildFile; fileRef = E2C73DD219F2045600BEC354 /* XLASLLogger.m */; };
		E2C73DFE19F2045600BEC354 /* XLCallbackLogger.m in Sources */ = {isa = PBXBuildFile; fileRef = E2C73DD419F2045600BEC354 /* XLCallbackLogger.m */; };
		E2C73DFF19F2045600BEC354 /* XLFacility.m in Sources */ = {isa = PBXBuildFile; fileRef = E2C73DD619F2045600BEC354 /* XLFacility.m */; };
		E2C73E0019F2045600BEC354 /* XLFileLogger.m in Sources */ = {isa = PBXBuildFile; fileRef = E2C73DDA19F2045600BEC354 /* XLFileLogger.m */; };
		E2C73E0119F2045600BEC354 /* XLFunctions.m in Sources */ = {isa = PBXBuildFile; fileRef = E2C73DDC19F2045600BEC354 /* XLFunctions.m */; };
		E2C73E0219F2045600BEC354 /* XLLogger.m in Sources */ = {isa = PBXBuildFile; fileRef = E2C73DDE19F2045600BEC354 /* XLLogger.m */; };
		E2C73E0319F2045600BEC354 /* XLLogRecord.m in Sources */ = {isa = PBXBuildFile; fileRef = E2C73DE019F2045600BEC354 /* XLLogRecord.m */; };
		E2C73E0419F2045600BEC354 /* XLStandardLogger.m in Sources */ = {isa = PBXBuildFile; fileRef = E2C73DE319F2045600BEC354 /* XLStandardLogger.m */; };
		E2C73E0E19F2045600BEC354 /* XLAppKitOverlayLogger.m in Sources */ = {isa = PBXBuildFile; fileRef = E2C73DFA19F2045600BEC354 /* XLAppKitOverlayLogger.m */; };
		E2E12C731343C96000B48700 /* AppDelegate.m in Sources */ = {isa = PBXBuildFile; fileRef = E2E12C721343C96000B48700 /* AppDelegate.m */; };
/* End PBXBuildFile section */

/* Begin PBXFileReference section */
		1058C7A1FEA54F0111CA2CBB /* Cocoa.framework */ = {isa = PBXFileReference; lastKnownFileType = wrapper.framework; name = Cocoa.framework; path = /System/Library/Frameworks/Cocoa.framework; sourceTree = "<absolute>"; };
		8D1107320486CEB800E47090 /* Compare Folders.app */ = {isa = PBXFileReference; explicitFileType = wrapper.application; includeInIndex = 0; path = "Compare Folders.app"; sourceTree = BUILT_PRODUCTS_DIR; };
		E222CE531D63742A00A1E982 /* Media.xcassets */ = {isa = PBXFileReference; lastKnownFileType = folder.assetcatalog; path = Media.xcassets; sourceTree = "<group>"; };
		E22CE76A18A49ACB008A0C72 /* Entitlements.entitlements */ = {isa = PBXFileReference; lastKnownFileType = text.xml; path = Entitlements.entitlements; sourceTree = "<group>"; };
		E22CE76B18A49AEA008A0C72 /* StoreKit.framework */ = {isa = PBXFileReference; lastKnownFileType = wrapper.framework; name = StoreKit.framework; path = System/Library/Frameworks/StoreKit.framework; sourceTree = SDKROOT; };
		E25ADBFF1D90498700CD0CCA /* GARawTracker.h */ = {isa = PBXFileReference; fileEncoding = 4; lastKnownFileType = sourcecode.c.h; path = GARawTracker.h; sourceTree = "<group>"; };
		E25ADC001D90498700CD0CCA /* GARawTracker.m */ = {isa = PBXFileReference; fileEncoding = 4; lastKnownFileType = sourcecode.c.objc; path = GARawTracker.m; sourceTree = "<group>"; };
		E279087618AF410C00B752E1 /* InAppStore.h */ = {isa = PBXFileReference; fileEncoding = 4; lastKnownFileType = sourcecode.c.h; path = InAppStore.h; sourceTree = "<group>"; };
		E279087718AF410C00B752E1 /* InAppStore.m */ = {isa = PBXFileReference; fileEncoding = 4; lastKnownFileType = sourcecode.c.objc; path = InAppStore.m; sourceTree = "<group>"; };
		E279087818AF410C00B752E1 /* main.m */ = {isa = PBXFileReference; fileEncoding = 4; lastKnownFileType = sourcecode.c.objc; path = main.m; sourceTree = "<group>"; };
		E279087B18AF41AA00B752E1 /* Security.framework */ = {isa = PBXFileReference; lastKnownFileType = wrapper.framework; name = Security.framework; path = System/Library/Frameworks/Security.framework; sourceTree = SDKROOT; };
		E279087D18AF41AF00B752E1 /* IOKit.framework */ = {isa = PBXFileReference; lastKnownFileType = wrapper.framework; name = IOKit.framework; path = System/Library/Frameworks/IOKit.framework; sourceTree = SDKROOT; };
		E279087F18AF41BA00B752E1 /* SystemConfiguration.framework */ = {isa = PBXFileReference; lastKnownFileType = wrapper.framework; name = SystemConfiguration.framework; path = System/Library/Frameworks/SystemConfiguration.framework; sourceTree = SDKROOT; };
		E289ED1818A4BB8100A9D28D /* DirectoryScanner.h */ = {isa = PBXFileReference; fileEncoding = 4; lastKnownFileType = sourcecode.c.h; path = DirectoryScanner.h; sourceTree = "<group>"; };
		E289ED1918A4BB8100A9D28D /* DirectoryScanner.m */ = {isa = PBXFileReference; fileEncoding = 4; lastKnownFileType = sourcecode.c.objc; path = DirectoryScanner.m; sourceTree = "<group>"; };
		E296D7E218A56F890091AAF3 /* en */ = {isa = PBXFileReference; lastKnownFileType = text.plist.strings; name = en; path = en.lproj/Localizable.strings; sourceTree = "<group>"; };
		E296D7E418A56F890091AAF3 /* en */ = {isa = PBXFileReference; lastKnownFileType = file.xib; name = en; path = en.lproj/MainMenu.xib; sourceTree = "<group>"; };
		E296D7E718A591C00091AAF3 /* ValueTransformers.h */ = {isa = PBXFileReference; fileEncoding = 4; lastKnownFileType = sourcecode.c.h; path = ValueTransformers.h; sourceTree = "<group>"; };
		E296D7E818A591C00091AAF3 /* ValueTransformers.m */ = {isa = PBXFileReference; fileEncoding = 4; lastKnownFileType = sourcecode.c.objc; path = ValueTransformers.m; sourceTree = "<group>"; };
		E2A5366819EBA2DA00C19F8B /* libsqlite3.dylib */ = {isa = PBXFileReference; lastKnownFileType = "compiled.mach-o.dylib"; name = libsqlite3.dylib; path = usr/lib/libsqlite3.dylib; sourceTree = SDKROOT; };
		E2C73DD119F2045600BEC354 /* XLASLLogger.h */ = {isa = PBXFileReference; fileEncoding = 4; lastKnownFileType = sourcecode.c.h; path = XLASLLogger.h; sourceTree = "<group>"; };
		E2C73DD219F2045600BEC354 /* XLASLLogger.m */ = {isa = PBXFileReference; fileEncoding = 4; lastKnownFileType = sourcecode.c.objc; path = XLASLLogger.m; sourceTree = "<group>"; };
		E2C73DD319F2045600BEC354 /* XLCallbackLogger.h */ = {isa = PBXFileReference; fileEncoding = 4; lastKnownFileType = sourcecode.c.h; path = XLCallbackLogger.h; sourceTree = "<group>"; };
		E2C73DD419F2045600BEC354 /* XLCallbackLogger.m */ = {isa = PBXFileReference; fileEncoding = 4; lastKnownFileType = sourcecode.c.objc; path = XLCallbackLogger.m; sourceTree = "<group>"; };
		E2C73DD519F2045600BEC354 /* XLFacility.h */ = {isa = PBXFileReference; fileEncoding = 4; lastKnownFileType = sourcecode.c.h; path = XLFacility.h; sourceTree = "<group>"; };
		E2C73DD619F2045600BEC354 /* XLFacility.m */ = {isa = PBXFileReference; fileEncoding = 4; lastKnownFileType = sourcecode.c.objc; path = XLFacility.m; sourceTree = "<group>"; };
		E2C73DD719F2045600BEC354 /* XLFacilityCMacros.h */ = {isa = PBXFileReference; fileEncoding = 4; lastKnownFileType = sourcecode.c.h; path = XLFacilityCMacros.h; sourceTree = "<group>"; };
		E2C73DD819F2045600BEC354 /* XLFacilityMacros.h */ = {isa = PBXFileReference; fileEncoding = 4; lastKnownFileType = sourcecode.c.h; path = XLFacilityMacros.h; sourceTree = "<group>"; };
		E2C73DD919F2045600BEC354 /* XLFileLogger.h */ = {isa = PBXFileReference; fileEncoding = 4; lastKnownFileType = sourcecode.c.h; path = XLFileLogger.h; sourceTree = "<group>"; };
		E2C73DDA19F2045600BEC354 /* XLFileLogger.m */ = {isa = PBXFileReference; fileEncoding = 4; lastKnownFileType = sourcecode.c.objc; path = XLFileLogger.m; sourceTree = "<group>"; };
		E2C73DDB19F2045600BEC354 /* XLFunctions.h */ = {isa = PBXFileReference; fileEncoding = 4; lastKnownFileType = sourcecode.c.h; path = XLFunctions.h; sourceTree = "<group>"; };
		E2C73DDC19F2045600BEC354 /* XLFunctions.m */ = {isa = PBXFileReference; fileEncoding = 4; lastKnownFileType = sourcecode.c.objc; path = XLFunctions.m; sourceTree = "<group>"; };
		E2C73DDD19F2045600BEC354 /* XLLogger.h */ = {isa = PBXFileReference; fileEncoding = 4; lastKnownFileType = sourcecode.c.h; path = XLLogger.h; sourceTree = "<group>"; };
		E2C73DDE19F2045600BEC354 /* XLLogger.m */ = {isa = PBXFileReference; fileEncoding = 4; lastKnownFileType = sourcecode.c.objc; path = XLLogger.m; sourceTree = "<group>"; };
		E2C73DDF19F2045600BEC354 /* XLLogRecord.h */ = {isa = PBXFileReference; fileEncoding = 4; lastKnownFileType = sourcecode.c.h; path = XLLogRecord.h; sourceTree = "<group>"; };
		E2C73DE019F2045600BEC354 /* XLLogRecord.m */ = {isa = PBXFileReference; fileEncoding = 4; lastKnownFileType = sourcecode.c.objc; path = XLLogRecord.m; sourceTree = "<group>"; };
		E2C73DE119F2045600BEC354 /* XLPrivate.h */ = {isa = PBXFileReference; fileEncoding = 4; lastKnownFileType = sourcecode.c.h; path = XLPrivate.h; sourceTree = "<group>"; };
		E2C73DE219F2045600BEC354 /* XLStandardLogger.h */ = {isa = PBXFileReference; fileEncoding = 4; lastKnownFileType = sourcecode.c.h; path = XLStandardLogger.h; sourceTree = "<group>"; };
		E2C73DE319F2045600BEC354 /* XLStandardLogger.m */ = {isa = PBXFileReference; fileEncoding = 4; lastKnownFileType = sourcecode.c.objc; path = XLStandardLogger.m; sourceTree = "<group>"; };
		E2C73DF919F2045600BEC354 /* XLAppKitOverlayLogger.h */ = {isa = PBXFileReference; fileEncoding = 4; lastKnownFileType = sourcecode.c.h; path = XLAppKitOverlayLogger.h; sourceTree = "<group>"; };
		E2C73DFA19F2045600BEC354 /* XLAppKitOverlayLogger.m */ = {isa = PBXFileReference; fileEncoding = 4; lastKnownFileType = sourcecode.c.objc; path = XLAppKitOverlayLogger.m; sourceTree = "<group>"; };
		E2D09A4E1343C4B60096A4CC /* Info.plist */ = {isa = PBXFileReference; fileEncoding = 4; lastKnownFileType = text.plist.xml; path = Info.plist; sourceTree = "<group>"; };
		E2D09A531343C4D90096A4CC /* Prefix.pch */ = {isa = PBXFileReference; fileEncoding = 4; lastKnownFileType = sourcecode.c.h; path = Prefix.pch; sourceTree = "<group>"; };
		E2E12C711343C96000B48700 /* AppDelegate.h */ = {isa = PBXFileReference; fileEncoding = 4; lastKnownFileType = sourcecode.c.h; path = AppDelegate.h; sourceTree = "<group>"; };
		E2E12C721343C96000B48700 /* AppDelegate.m */ = {isa = PBXFileReference; fileEncoding = 4; lastKnownFileType = sourcecode.c.objc; path = AppDelegate.m; sourceTree = "<group>"; };
/* End PBXFileReference section */

/* Begin PBXFrameworksBuildPhase section */
		8D11072E0486CEB800E47090 /* Frameworks */ = {
			isa = PBXFrameworksBuildPhase;
			buildActionMask = 2147483647;
			files = (
				E2A5366919EBA2DA00C19F8B /* libsqlite3.dylib in Frameworks */,
				E200E17F158C1FD90078EAF8 /* Cocoa.framework in Frameworks */,
				E279088018AF41BA00B752E1 /* SystemConfiguration.framework in Frameworks */,
				E22CE76C18A49AEA008A0C72 /* StoreKit.framework in Frameworks */,
				E279087C18AF41AA00B752E1 /* Security.framework in Frameworks */,
				E279087E18AF41AF00B752E1 /* IOKit.framework in Frameworks */,
			);
			runOnlyForDeploymentPostprocessing = 0;
		};
/* End PBXFrameworksBuildPhase section */

/* Begin PBXGroup section */
		19C28FACFE9D520D11CA2CBB /* Products */ = {
			isa = PBXGroup;
			children = (
				8D1107320486CEB800E47090 /* Compare Folders.app */,
			);
			name = Products;
			sourceTree = "<group>";
		};
		29B97314FDCFA39411CA2CEA /* Mac */ = {
			isa = PBXGroup;
			children = (
				E22CE76A18A49ACB008A0C72 /* Entitlements.entitlements */,
				E2D09A531343C4D90096A4CC /* Prefix.pch */,
				E2D09A4E1343C4B60096A4CC /* Info.plist */,
				E2E12C701343C96000B48700 /* Classes */,
				E289ED1718A4BB8100A9D28D /* DirectoryScanner */,
				E25ADBFE1D90498700CD0CCA /* GARawTracker */,
				E279087518AF410C00B752E1 /* InAppStore */,
				E2C73DCF19F2045600BEC354 /* XLFacility */,
				E2E12D011343CDCD00B48700 /* Resources */,
				29B97323FDCFA39411CA2CEA /* Frameworks and Libraries */,
				19C28FACFE9D520D11CA2CBB /* Products */,
			);
			indentWidth = 2;
			name = Mac;
			sourceTree = "<group>";
			tabWidth = 2;
		};
		29B97323FDCFA39411CA2CEA /* Frameworks and Libraries */ = {
			isa = PBXGroup;
			children = (
				1058C7A1FEA54F0111CA2CBB /* Cocoa.framework */,
				E279087F18AF41BA00B752E1 /* SystemConfiguration.framework */,
				E22CE76B18A49AEA008A0C72 /* StoreKit.framework */,
				E279087B18AF41AA00B752E1 /* Security.framework */,
				E279087D18AF41AF00B752E1 /* IOKit.framework */,
				E2A5366819EBA2DA00C19F8B /* libsqlite3.dylib */,
			);
			name = "Frameworks and Libraries";
			sourceTree = "<group>";
		};
		E25ADBFE1D90498700CD0CCA /* GARawTracker */ = {
			isa = PBXGroup;
			children = (
				E25ADBFF1D90498700CD0CCA /* GARawTracker.h */,
				E25ADC001D90498700CD0CCA /* GARawTracker.m */,
			);
			name = GARawTracker;
			path = GARawTracker/GARawTracker;
			sourceTree = "<group>";
		};
		E279087518AF410C00B752E1 /* InAppStore */ = {
			isa = PBXGroup;
			children = (
				E279087618AF410C00B752E1 /* InAppStore.h */,
				E279087718AF410C00B752E1 /* InAppStore.m */,
				E279087818AF410C00B752E1 /* main.m */,
			);
			name = InAppStore;
			path = InAppStore/InAppStore;
			sourceTree = "<group>";
		};
		E289ED1718A4BB8100A9D28D /* DirectoryScanner */ = {
			isa = PBXGroup;
			children = (
				E289ED1818A4BB8100A9D28D /* DirectoryScanner.h */,
				E289ED1918A4BB8100A9D28D /* DirectoryScanner.m */,
			);
			name = DirectoryScanner;
			path = DirectoryScanner/DirectoryScanner;
			sourceTree = "<group>";
		};
		E2C73DCF19F2045600BEC354 /* XLFacility */ = {
			isa = PBXGroup;
			children = (
				E2C73DD019F2045600BEC354 /* Core */,
				E2C73DF819F2045600BEC354 /* UserInterface */,
			);
			name = XLFacility;
			path = XLFacility/XLFacility;
			sourceTree = "<group>";
		};
		E2C73DD019F2045600BEC354 /* Core */ = {
			isa = PBXGroup;
			children = (
				E2C73DD119F2045600BEC354 /* XLASLLogger.h */,
				E2C73DD219F2045600BEC354 /* XLASLLogger.m */,
				E2C73DD319F2045600BEC354 /* XLCallbackLogger.h */,
				E2C73DD419F2045600BEC354 /* XLCallbackLogger.m */,
				E2C73DD519F2045600BEC354 /* XLFacility.h */,
				E2C73DD619F2045600BEC354 /* XLFacility.m */,
				E2C73DD719F2045600BEC354 /* XLFacilityCMacros.h */,
				E2C73DD819F2045600BEC354 /* XLFacilityMacros.h */,
				E2C73DD919F2045600BEC354 /* XLFileLogger.h */,
				E2C73DDA19F2045600BEC354 /* XLFileLogger.m */,
				E2C73DDB19F2045600BEC354 /* XLFunctions.h */,
				E2C73DDC19F2045600BEC354 /* XLFunctions.m */,
				E2C73DDD19F2045600BEC354 /* XLLogger.h */,
				E2C73DDE19F2045600BEC354 /* XLLogger.m */,
				E2C73DDF19F2045600BEC354 /* XLLogRecord.h */,
				E2C73DE019F2045600BEC354 /* XLLogRecord.m */,
				E2C73DE119F2045600BEC354 /* XLPrivate.h */,
				E2C73DE219F2045600BEC354 /* XLStandardLogger.h */,
				E2C73DE319F2045600BEC354 /* XLStandardLogger.m */,
			);
			path = Core;
			sourceTree = "<group>";
		};
		E2C73DF819F2045600BEC354 /* UserInterface */ = {
			isa = PBXGroup;
			children = (
				E2C73DF919F2045600BEC354 /* XLAppKitOverlayLogger.h */,
				E2C73DFA19F2045600BEC354 /* XLAppKitOverlayLogger.m */,
			);
			path = UserInterface;
			sourceTree = "<group>";
		};
		E2E12C701343C96000B48700 /* Classes */ = {
			isa = PBXGroup;
			children = (
				E2E12C711343C96000B48700 /* AppDelegate.h */,
				E2E12C721343C96000B48700 /* AppDelegate.m */,
				E296D7E718A591C00091AAF3 /* ValueTransformers.h */,
				E296D7E818A591C00091AAF3 /* ValueTransformers.m */,
			);
			path = Classes;
			sourceTree = "<group>";
		};
		E2E12D011343CDCD00B48700 /* Resources */ = {
			isa = PBXGroup;
			children = (
				E296D7E118A56F890091AAF3 /* Localizable.strings */,
				E296D7E318A56F890091AAF3 /* MainMenu.xib */,
				E222CE531D63742A00A1E982 /* Media.xcassets */,
			);
			path = Resources;
			sourceTree = "<group>";
		};
/* End PBXGroup section */

/* Begin PBXNativeTarget section */
		8D1107260486CEB800E47090 /* CompareFolders */ = {
			isa = PBXNativeTarget;
			buildConfigurationList = C01FCF4A08A954540054247B /* Build configuration list for PBXNativeTarget "CompareFolders" */;
			buildPhases = (
				8D1107290486CEB800E47090 /* Resources */,
				8D11072C0486CEB800E47090 /* Sources */,
				8D11072E0486CEB800E47090 /* Frameworks */,
			);
			buildRules = (
			);
			dependencies = (
			);
			name = CompareFolders;
			productInstallPath = "$(HOME)/Applications";
			productName = Mac;
			productReference = 8D1107320486CEB800E47090 /* Compare Folders.app */;
			productType = "com.apple.product-type.application";
		};
/* End PBXNativeTarget section */

/* Begin PBXProject section */
		29B97313FDCFA39411CA2CEA /* Project object */ = {
			isa = PBXProject;
			attributes = {
				LastUpgradeCheck = 0830;
				TargetAttributes = {
					8D1107260486CEB800E47090 = {
						ProvisioningStyle = Automatic;
						SystemCapabilities = {
							com.apple.InAppPurchase = {
								enabled = 1;
							};
							com.apple.Sandbox = {
								enabled = 1;
							};
						};
					};
				};
			};
			buildConfigurationList = C01FCF4E08A954540054247B /* Build configuration list for PBXProject "CompareFolders" */;
			compatibilityVersion = "Xcode 8.0";
			developmentRegion = English;
			hasScannedForEncodings = 1;
			knownRegions = (
				English,
				Japanese,
				French,
				German,
				en,
			);
			mainGroup = 29B97314FDCFA39411CA2CEA /* Mac */;
			projectDirPath = "";
			projectRoot = "";
			targets = (
				8D1107260486CEB800E47090 /* CompareFolders */,
			);
		};
/* End PBXProject section */

/* Begin PBXResourcesBuildPhase section */
		8D1107290486CEB800E47090 /* Resources */ = {
			isa = PBXResourcesBuildPhase;
			buildActionMask = 2147483647;
			files = (
				E222CE541D63742A00A1E982 /* Media.xcassets in Resources */,
				E296D7E518A56F890091AAF3 /* Localizable.strings in Resources */,
				E296D7E618A56F890091AAF3 /* MainMenu.xib in Resources */,
			);
			runOnlyForDeploymentPostprocessing = 0;
		};
/* End PBXResourcesBuildPhase section */

/* Begin PBXSourcesBuildPhase section */
		8D11072C0486CEB800E47090 /* Sources */ = {
			isa = PBXSourcesBuildPhase;
			buildActionMask = 2147483647;
			files = (
				E2C73E0219F2045600BEC354 /* XLLogger.m in Sources */,
				E2E12C731343C96000B48700 /* AppDelegate.m in Sources */,
				E2C73DFF19F2045600BEC354 /* XLFacility.m in Sources */,
				E2C73DFE19F2045600BEC354 /* XLCallbackLogger.m in Sources */,
				E296D7E918A591C00091AAF3 /* ValueTransformers.m in Sources */,
				E2C73E0119F2045600BEC354 /* XLFunctions.m in Sources */,
				E2C73E0419F2045600BEC354 /* XLStandardLogger.m in Sources */,
				E2C73E0E19F2045600BEC354 /* XLAppKitOverlayLogger.m in Sources */,
				E2C73E0019F2045600BEC354 /* XLFileLogger.m in Sources */,
				E2C73E0319F2045600BEC354 /* XLLogRecord.m in Sources */,
				E25ADC011D90498700CD0CCA /* GARawTracker.m in Sources */,
				E2C73DFD19F2045600BEC354 /* XLASLLogger.m in Sources */,
				E289ED1A18A4BB8100A9D28D /* DirectoryScanner.m in Sources */,
				E279087A18AF410C00B752E1 /* main.m in Sources */,
				E279087918AF410C00B752E1 /* InAppStore.m in Sources */,
			);
			runOnlyForDeploymentPostprocessing = 0;
		};
/* End PBXSourcesBuildPhase section */

/* Begin PBXVariantGroup section */
		E296D7E118A56F890091AAF3 /* Localizable.strings */ = {
			isa = PBXVariantGroup;
			children = (
				E296D7E218A56F890091AAF3 /* en */,
			);
			name = Localizable.strings;
			sourceTree = "<group>";
		};
		E296D7E318A56F890091AAF3 /* MainMenu.xib */ = {
			isa = PBXVariantGroup;
			children = (
				E296D7E418A56F890091AAF3 /* en */,
			);
			name = MainMenu.xib;
			sourceTree = "<group>";
		};
/* End PBXVariantGroup section */

/* Begin XCBuildConfiguration section */
		C01FCF4B08A954540054247B /* Debug */ = {
			isa = XCBuildConfiguration;
			buildSettings = {
				ASSETCATALOG_COMPILER_APPICON_NAME = AppIcon;
				BUNDLE_ID = "net.pol-online.compare-folders";
				BUNDLE_VERSION = 1200;
				BUNDLE_VERSION_STRING = 1.2;
				CODE_SIGN_ENTITLEMENTS = Entitlements.entitlements;
				CODE_SIGN_IDENTITY = "Mac Developer";
				DEVELOPMENT_TEAM = 88W3E55T4B;
				FRAMEWORK_SEARCH_PATHS = "$(SRCROOT)";
				GCC_PRECOMPILE_PREFIX_HEADER = YES;
				GCC_PREFIX_HEADER = Prefix.pch;
				GCC_PREPROCESSOR_DEFINITIONS_NOT_USED_IN_PRECOMPS = (
					"__BUNDLE_ID__=\\\"$(BUNDLE_ID)\\\"",
					"__BUNDLE_VERSION__=\\\"$(BUNDLE_VERSION_STRING)\\\"",
				);
				INFOPLIST_FILE = Info.plist;
				PRODUCT_NAME = "Compare Folders";
				PROVISIONING_PROFILE_SPECIFIER = "";
			};
			name = Debug;
		};
		C01FCF4C08A954540054247B /* Release */ = {
			isa = XCBuildConfiguration;
			buildSettings = {
				ASSETCATALOG_COMPILER_APPICON_NAME = AppIcon;
				BUNDLE_ID = "net.pol-online.compare-folders";
				BUNDLE_VERSION = 1200;
				BUNDLE_VERSION_STRING = 1.2;
				CODE_SIGN_ENTITLEMENTS = Entitlements.entitlements;
				CODE_SIGN_IDENTITY = "Mac Developer";
				DEVELOPMENT_TEAM = 88W3E55T4B;
				FRAMEWORK_SEARCH_PATHS = "$(SRCROOT)";
				GCC_PRECOMPILE_PREFIX_HEADER = YES;
				GCC_PREFIX_HEADER = Prefix.pch;
				GCC_PREPROCESSOR_DEFINITIONS_NOT_USED_IN_PRECOMPS = (
					"__BUNDLE_ID__=\\\"$(BUNDLE_ID)\\\"",
					"__BUNDLE_VERSION__=\\\"$(BUNDLE_VERSION_STRING)\\\"",
				);
				INFOPLIST_FILE = Info.plist;
				PRODUCT_NAME = "Compare Folders";
				PROVISIONING_PROFILE_SPECIFIER = "";
			};
			name = Release;
		};
		C01FCF4F08A954540054247B /* Debug */ = {
			isa = XCBuildConfiguration;
			buildSettings = {
				ALWAYS_SEARCH_USER_PATHS = NO;
				CLANG_ENABLE_OBJC_ARC = YES;
				COMBINE_HIDPI_IMAGES = YES;
				DEBUG_INFORMATION_FORMAT = "dwarf-with-dsym";
				GCC_C_LANGUAGE_STANDARD = c99;
				GCC_OPTIMIZATION_LEVEL = 0;
				GCC_PREPROCESSOR_DEFINITIONS = "DEBUG=1";
				MACOSX_DEPLOYMENT_TARGET = 10.7;
				ONLY_ACTIVE_ARCH = YES;
				SDKROOT = macosx;
				WARNING_CFLAGS = "-Wall";
			};
			name = Debug;
		};
		C01FCF5008A954540054247B /* Release */ = {
			isa = XCBuildConfiguration;
			buildSettings = {
				ALWAYS_SEARCH_USER_PATHS = NO;
				CLANG_ENABLE_OBJC_ARC = YES;
				COMBINE_HIDPI_IMAGES = YES;
				DEBUG_INFORMATION_FORMAT = "dwarf-with-dsym";
				GCC_C_LANGUAGE_STANDARD = c99;
				GCC_PREPROCESSOR_DEFINITIONS = NS_BLOCK_ASSERTIONS;
				GCC_TREAT_WARNINGS_AS_ERRORS = YES;
				MACOSX_DEPLOYMENT_TARGET = 10.7;
				SDKROOT = macosx;
				WARNING_CFLAGS = "-Wall";
			};
			name = Release;
		};
/* End XCBuildConfiguration section */

/* Begin XCConfigurationList section */
		C01FCF4A08A954540054247B /* Build configuration list for PBXNativeTarget "CompareFolders" */ = {
			isa = XCConfigurationList;
			buildConfigurations = (
				C01FCF4B08A954540054247B /* Debug */,
				C01FCF4C08A954540054247B /* Release */,
			);
			defaultConfigurationIsVisible = 0;
			defaultConfigurationName = Release;
		};
		C01FCF4E08A954540054247B /* Build configuration list for PBXProject "CompareFolders" */ = {
			isa = XCConfigurationList;
			buildConfigurations = (
				C01FCF4F08A954540054247B /* Debug */,
				C01FCF5008A954540054247B /* Release */,
			);
			defaultConfigurationIsVisible = 0;
			defaultConfigurationName = Release;
		};
/* End XCConfigurationList section */
	};
	rootObject = 29B97313FDCFA39411CA2CEA /* Project object */;
}
