// !$*UTF8*$!
{
	archiveVersion = 1;
	classes = {
	};
	objectVersion = 46;
	objects = {

/* Begin PBXBuildFile section */
		E200E17F158C1FD90078EAF8 /* Cocoa.framework in Frameworks */ = {isa = PBXBuildFile; fileRef = 1058C7A1FEA54F0111CA2CBB /* Cocoa.framework */; };
		E22CE76C18A49AEA008A0C72 /* StoreKit.framework in Frameworks */ = {isa = PBXBuildFile; fileRef = E22CE76B18A49AEA008A0C72 /* StoreKit.framework */; };
		E279087918AF410C00B752E1 /* InAppStore.m in Sources */ = {isa = PBXBuildFile; fileRef = E279087718AF410C00B752E1 /* InAppStore.m */; };
		E279087A18AF410C00B752E1 /* main.m in Sources */ = {isa = PBXBuildFile; fileRef = E279087818AF410C00B752E1 /* main.m */; };
		E279087C18AF41AA00B752E1 /* Security.framework in Frameworks */ = {isa = PBXBuildFile; fileRef = E279087B18AF41AA00B752E1 /* Security.framework */; };
		E279087E18AF41AF00B752E1 /* IOKit.framework in Frameworks */ = {isa = PBXBuildFile; fileRef = E279087D18AF41AF00B752E1 /* IOKit.framework */; };
		E279088018AF41BA00B752E1 /* SystemConfiguration.framework in Frameworks */ = {isa = PBXBuildFile; fileRef = E279087F18AF41BA00B752E1 /* SystemConfiguration.framework */; };
		E289ED1A18A4BB8100A9D28D /* DirectoryScanner.m in Sources */ = {isa = PBXBuildFile; fileRef = E289ED1918A4BB8100A9D28D /* DirectoryScanner.m */; };
		E296D7E518A56F890091AAF3 /* Localizable.strings in Resources */ = {isa = PBXBuildFile; fileRef = E296D7E118A56F890091AAF3 /* Localizable.strings */; };
		E296D7E618A56F890091AAF3 /* MainMenu.xib in Resources */ = {isa = PBXBuildFile; fileRef = E296D7E318A56F890091AAF3 /* MainMenu.xib */; };
		E296D7E918A591C00091AAF3 /* ValueTransformers.m in Sources */ = {isa = PBXBuildFile; fileRef = E296D7E818A591C00091AAF3 /* ValueTransformers.m */; };
		E2A4A88418A5EFA20068C98E /* File.png in Resources */ = {isa = PBXBuildFile; fileRef = E2A4A88218A5EFA20068C98E /* File.png */; };
		E2A4A88518A5EFA20068C98E /* File@2x.png in Resources */ = {isa = PBXBuildFile; fileRef = E2A4A88318A5EFA20068C98E /* File@2x.png */; };
		E2A4A88818A5F2580068C98E /* Folder.png in Resources */ = {isa = PBXBuildFile; fileRef = E2A4A88618A5F2580068C98E /* Folder.png */; };
		E2A4A88918A5F2580068C98E /* Folder@2x.png in Resources */ = {isa = PBXBuildFile; fileRef = E2A4A88718A5F2580068C98E /* Folder@2x.png */; };
		E2A4A88C18A5F8130068C98E /* Link.png in Resources */ = {isa = PBXBuildFile; fileRef = E2A4A88A18A5F8130068C98E /* Link.png */; };
		E2A4A88D18A5F8130068C98E /* Link@2x.png in Resources */ = {isa = PBXBuildFile; fileRef = E2A4A88B18A5F8130068C98E /* Link@2x.png */; };
		E2C2446E18B154B0003682FB /* Base64.c in Sources */ = {isa = PBXBuildFile; fileRef = E2C2446A18B154B0003682FB /* Base64.c */; };
		E2C2446F18B154B0003682FB /* MixpanelTracker.m in Sources */ = {isa = PBXBuildFile; fileRef = E2C2446D18B154B0003682FB /* MixpanelTracker.m */; };
		E2E12C731343C96000B48700 /* AppDelegate.m in Sources */ = {isa = PBXBuildFile; fileRef = E2E12C721343C96000B48700 /* AppDelegate.m */; };
		E2FE559D1836FD3C00617532 /* Icon.iconset in Resources */ = {isa = PBXBuildFile; fileRef = E2FE559C1836FD3C00617532 /* Icon.iconset */; };
/* End PBXBuildFile section */

/* Begin PBXFileReference section */
		1058C7A1FEA54F0111CA2CBB /* Cocoa.framework */ = {isa = PBXFileReference; lastKnownFileType = wrapper.framework; name = Cocoa.framework; path = /System/Library/Frameworks/Cocoa.framework; sourceTree = "<absolute>"; };
		8D1107320486CEB800E47090 /* Compare Folders.app */ = {isa = PBXFileReference; explicitFileType = wrapper.application; includeInIndex = 0; path = "Compare Folders.app"; sourceTree = BUILT_PRODUCTS_DIR; };
		E22CE76A18A49ACB008A0C72 /* Entitlements.entitlements */ = {isa = PBXFileReference; lastKnownFileType = text.xml; path = Entitlements.entitlements; sourceTree = "<group>"; };
		E22CE76B18A49AEA008A0C72 /* StoreKit.framework */ = {isa = PBXFileReference; lastKnownFileType = wrapper.framework; name = StoreKit.framework; path = System/Library/Frameworks/StoreKit.framework; sourceTree = SDKROOT; };
		E279087618AF410C00B752E1 /* InAppStore.h */ = {isa = PBXFileReference; fileEncoding = 4; lastKnownFileType = sourcecode.c.h; path = InAppStore.h; sourceTree = "<group>"; };
		E279087718AF410C00B752E1 /* InAppStore.m */ = {isa = PBXFileReference; fileEncoding = 4; lastKnownFileType = sourcecode.c.objc; path = InAppStore.m; sourceTree = "<group>"; };
		E279087818AF410C00B752E1 /* main.m */ = {isa = PBXFileReference; fileEncoding = 4; lastKnownFileType = sourcecode.c.objc; path = main.m; sourceTree = "<group>"; };
		E279087B18AF41AA00B752E1 /* Security.framework */ = {isa = PBXFileReference; lastKnownFileType = wrapper.framework; name = Security.framework; path = System/Library/Frameworks/Security.framework; sourceTree = SDKROOT; };
		E279087D18AF41AF00B752E1 /* IOKit.framework */ = {isa = PBXFileReference; lastKnownFileType = wrapper.framework; name = IOKit.framework; path = System/Library/Frameworks/IOKit.framework; sourceTree = SDKROOT; };
		E279087F18AF41BA00B752E1 /* SystemConfiguration.framework */ = {isa = PBXFileReference; lastKnownFileType = wrapper.framework; name = SystemConfiguration.framework; path = System/Library/Frameworks/SystemConfiguration.framework; sourceTree = SDKROOT; };
		E289ED1818A4BB8100A9D28D /* DirectoryScanner.h */ = {isa = PBXFileReference; fileEncoding = 4; lastKnownFileType = sourcecode.c.h; path = DirectoryScanner.h; sourceTree = "<group>"; };
		E289ED1918A4BB8100A9D28D /* DirectoryScanner.m */ = {isa = PBXFileReference; fileEncoding = 4; lastKnownFileType = sourcecode.c.objc; path = DirectoryScanner.m; sourceTree = "<group>"; };
		E296D7E218A56F890091AAF3 /* en */ = {isa = PBXFileReference; lastKnownFileType = text.plist.strings; name = en; path = en.lproj/Localizable.strings; sourceTree = "<group>"; };
		E296D7E418A56F890091AAF3 /* en */ = {isa = PBXFileReference; lastKnownFileType = file.xib; name = en; path = en.lproj/MainMenu.xib; sourceTree = "<group>"; };
		E296D7E718A591C00091AAF3 /* ValueTransformers.h */ = {isa = PBXFileReference; fileEncoding = 4; lastKnownFileType = sourcecode.c.h; path = ValueTransformers.h; sourceTree = "<group>"; };
		E296D7E818A591C00091AAF3 /* ValueTransformers.m */ = {isa = PBXFileReference; fileEncoding = 4; lastKnownFileType = sourcecode.c.objc; path = ValueTransformers.m; sourceTree = "<group>"; };
		E2A4A88218A5EFA20068C98E /* File.png */ = {isa = PBXFileReference; lastKnownFileType = image.png; path = File.png; sourceTree = "<group>"; };
		E2A4A88318A5EFA20068C98E /* File@2x.png */ = {isa = PBXFileReference; lastKnownFileType = image.png; path = "File@2x.png"; sourceTree = "<group>"; };
		E2A4A88618A5F2580068C98E /* Folder.png */ = {isa = PBXFileReference; lastKnownFileType = image.png; path = Folder.png; sourceTree = "<group>"; };
		E2A4A88718A5F2580068C98E /* Folder@2x.png */ = {isa = PBXFileReference; lastKnownFileType = image.png; path = "Folder@2x.png"; sourceTree = "<group>"; };
		E2A4A88A18A5F8130068C98E /* Link.png */ = {isa = PBXFileReference; lastKnownFileType = image.png; path = Link.png; sourceTree = "<group>"; };
		E2A4A88B18A5F8130068C98E /* Link@2x.png */ = {isa = PBXFileReference; lastKnownFileType = image.png; path = "Link@2x.png"; sourceTree = "<group>"; };
		E2C2446A18B154B0003682FB /* Base64.c */ = {isa = PBXFileReference; fileEncoding = 4; lastKnownFileType = sourcecode.c.c; path = Base64.c; sourceTree = "<group>"; };
		E2C2446B18B154B0003682FB /* Base64.h */ = {isa = PBXFileReference; fileEncoding = 4; lastKnownFileType = sourcecode.c.h; path = Base64.h; sourceTree = "<group>"; };
		E2C2446C18B154B0003682FB /* MixpanelTracker.h */ = {isa = PBXFileReference; fileEncoding = 4; lastKnownFileType = sourcecode.c.h; path = MixpanelTracker.h; sourceTree = "<group>"; };
		E2C2446D18B154B0003682FB /* MixpanelTracker.m */ = {isa = PBXFileReference; fileEncoding = 4; lastKnownFileType = sourcecode.c.objc; path = MixpanelTracker.m; sourceTree = "<group>"; };
		E2D09A4E1343C4B60096A4CC /* Info.plist */ = {isa = PBXFileReference; fileEncoding = 4; lastKnownFileType = text.plist.xml; path = Info.plist; sourceTree = "<group>"; };
		E2D09A531343C4D90096A4CC /* Prefix.pch */ = {isa = PBXFileReference; fileEncoding = 4; lastKnownFileType = sourcecode.c.h; path = Prefix.pch; sourceTree = "<group>"; };
		E2E12C711343C96000B48700 /* AppDelegate.h */ = {isa = PBXFileReference; fileEncoding = 4; lastKnownFileType = sourcecode.c.h; path = AppDelegate.h; sourceTree = "<group>"; };
		E2E12C721343C96000B48700 /* AppDelegate.m */ = {isa = PBXFileReference; fileEncoding = 4; lastKnownFileType = sourcecode.c.objc; path = AppDelegate.m; sourceTree = "<group>"; };
		E2FE559C1836FD3C00617532 /* Icon.iconset */ = {isa = PBXFileReference; lastKnownFileType = folder.iconset; path = Icon.iconset; sourceTree = "<group>"; };
/* End PBXFileReference section */

/* Begin PBXFrameworksBuildPhase section */
		8D11072E0486CEB800E47090 /* Frameworks */ = {
			isa = PBXFrameworksBuildPhase;
			buildActionMask = 2147483647;
			files = (
				E200E17F158C1FD90078EAF8 /* Cocoa.framework in Frameworks */,
				E279088018AF41BA00B752E1 /* SystemConfiguration.framework in Frameworks */,
				E22CE76C18A49AEA008A0C72 /* StoreKit.framework in Frameworks */,
				E279087C18AF41AA00B752E1 /* Security.framework in Frameworks */,
				E279087E18AF41AF00B752E1 /* IOKit.framework in Frameworks */,
			);
			runOnlyForDeploymentPostprocessing = 0;
		};
/* End PBXFrameworksBuildPhase section */

/* Begin PBXGroup section */
		19C28FACFE9D520D11CA2CBB /* Products */ = {
			isa = PBXGroup;
			children = (
				8D1107320486CEB800E47090 /* Compare Folders.app */,
			);
			name = Products;
			sourceTree = "<group>";
		};
		29B97314FDCFA39411CA2CEA /* Mac */ = {
			isa = PBXGroup;
			children = (
				E22CE76A18A49ACB008A0C72 /* Entitlements.entitlements */,
				E2D09A531343C4D90096A4CC /* Prefix.pch */,
				E2D09A4E1343C4B60096A4CC /* Info.plist */,
				E2E12C701343C96000B48700 /* Classes */,
				E289ED1718A4BB8100A9D28D /* DirectoryScanner */,
				E279087518AF410C00B752E1 /* InAppStore */,
				E2C2446918B154B0003682FB /* MixpanelTracker */,
				E2E12D011343CDCD00B48700 /* Resources */,
				29B97323FDCFA39411CA2CEA /* Frameworks and Libraries */,
				19C28FACFE9D520D11CA2CBB /* Products */,
			);
			name = Mac;
			sourceTree = "<group>";
		};
		29B97323FDCFA39411CA2CEA /* Frameworks and Libraries */ = {
			isa = PBXGroup;
			children = (
				1058C7A1FEA54F0111CA2CBB /* Cocoa.framework */,
				E279087F18AF41BA00B752E1 /* SystemConfiguration.framework */,
				E22CE76B18A49AEA008A0C72 /* StoreKit.framework */,
				E279087B18AF41AA00B752E1 /* Security.framework */,
				E279087D18AF41AF00B752E1 /* IOKit.framework */,
			);
			name = "Frameworks and Libraries";
			sourceTree = "<group>";
		};
		E279087518AF410C00B752E1 /* InAppStore */ = {
			isa = PBXGroup;
			children = (
				E279087618AF410C00B752E1 /* InAppStore.h */,
				E279087718AF410C00B752E1 /* InAppStore.m */,
				E279087818AF410C00B752E1 /* main.m */,
			);
			name = InAppStore;
			path = InAppStore/InAppStore;
			sourceTree = "<group>";
		};
		E289ED1718A4BB8100A9D28D /* DirectoryScanner */ = {
			isa = PBXGroup;
			children = (
				E289ED1818A4BB8100A9D28D /* DirectoryScanner.h */,
				E289ED1918A4BB8100A9D28D /* DirectoryScanner.m */,
			);
			name = DirectoryScanner;
			path = DirectoryScanner/DirectoryScanner;
			sourceTree = "<group>";
		};
		E2C2446918B154B0003682FB /* MixpanelTracker */ = {
			isa = PBXGroup;
			children = (
				E2C2446A18B154B0003682FB /* Base64.c */,
				E2C2446B18B154B0003682FB /* Base64.h */,
				E2C2446C18B154B0003682FB /* MixpanelTracker.h */,
				E2C2446D18B154B0003682FB /* MixpanelTracker.m */,
			);
			name = MixpanelTracker;
			path = MixpanelTracker/MixpanelTracker;
			sourceTree = "<group>";
		};
		E2E12C701343C96000B48700 /* Classes */ = {
			isa = PBXGroup;
			children = (
				E2E12C711343C96000B48700 /* AppDelegate.h */,
				E2E12C721343C96000B48700 /* AppDelegate.m */,
				E296D7E718A591C00091AAF3 /* ValueTransformers.h */,
				E296D7E818A591C00091AAF3 /* ValueTransformers.m */,
			);
			path = Classes;
			sourceTree = "<group>";
		};
		E2E12D011343CDCD00B48700 /* Resources */ = {
			isa = PBXGroup;
			children = (
				E2A4A88218A5EFA20068C98E /* File.png */,
				E2A4A88318A5EFA20068C98E /* File@2x.png */,
				E2A4A88618A5F2580068C98E /* Folder.png */,
				E2A4A88718A5F2580068C98E /* Folder@2x.png */,
				E2FE559C1836FD3C00617532 /* Icon.iconset */,
				E2A4A88A18A5F8130068C98E /* Link.png */,
				E2A4A88B18A5F8130068C98E /* Link@2x.png */,
				E296D7E118A56F890091AAF3 /* Localizable.strings */,
				E296D7E318A56F890091AAF3 /* MainMenu.xib */,
			);
			path = Resources;
			sourceTree = "<group>";
		};
/* End PBXGroup section */

/* Begin PBXNativeTarget section */
		8D1107260486CEB800E47090 /* CompareFolders */ = {
			isa = PBXNativeTarget;
			buildConfigurationList = C01FCF4A08A954540054247B /* Build configuration list for PBXNativeTarget "CompareFolders" */;
			buildPhases = (
				8D1107290486CEB800E47090 /* Resources */,
				8D11072C0486CEB800E47090 /* Sources */,
				8D11072E0486CEB800E47090 /* Frameworks */,
				E29FCAA818AFF72A000BEA92 /* Crashlytics */,
			);
			buildRules = (
			);
			dependencies = (
			);
			name = CompareFolders;
			productInstallPath = "$(HOME)/Applications";
			productName = Mac;
			productReference = 8D1107320486CEB800E47090 /* Compare Folders.app */;
			productType = "com.apple.product-type.application";
		};
/* End PBXNativeTarget section */

/* Begin PBXProject section */
		29B97313FDCFA39411CA2CEA /* Project object */ = {
			isa = PBXProject;
			attributes = {
				LastUpgradeCheck = 0500;
				TargetAttributes = {
					8D1107260486CEB800E47090 = {
						DevelopmentTeam = 88W3E55T4B;
						SystemCapabilities = {
							com.apple.InAppPurchase = {
								enabled = 1;
							};
							com.apple.Sandbox = {
								enabled = 1;
							};
						};
					};
				};
			};
			buildConfigurationList = C01FCF4E08A954540054247B /* Build configuration list for PBXProject "CompareFolders" */;
			compatibilityVersion = "Xcode 3.2";
			developmentRegion = English;
			hasScannedForEncodings = 1;
			knownRegions = (
				English,
				Japanese,
				French,
				German,
				en,
			);
			mainGroup = 29B97314FDCFA39411CA2CEA /* Mac */;
			projectDirPath = "";
			projectRoot = "";
			targets = (
				8D1107260486CEB800E47090 /* CompareFolders */,
			);
		};
/* End PBXProject section */

/* Begin PBXResourcesBuildPhase section */
		8D1107290486CEB800E47090 /* Resources */ = {
			isa = PBXResourcesBuildPhase;
			buildActionMask = 2147483647;
			files = (
				E2A4A88D18A5F8130068C98E /* Link@2x.png in Resources */,
				E2FE559D1836FD3C00617532 /* Icon.iconset in Resources */,
				E2A4A88C18A5F8130068C98E /* Link.png in Resources */,
				E2A4A88918A5F2580068C98E /* Folder@2x.png in Resources */,
				E296D7E518A56F890091AAF3 /* Localizable.strings in Resources */,
				E2A4A88518A5EFA20068C98E /* File@2x.png in Resources */,
				E296D7E618A56F890091AAF3 /* MainMenu.xib in Resources */,
				E2A4A88418A5EFA20068C98E /* File.png in Resources */,
				E2A4A88818A5F2580068C98E /* Folder.png in Resources */,
			);
			runOnlyForDeploymentPostprocessing = 0;
		};
/* End PBXResourcesBuildPhase section */

/* Begin PBXShellScriptBuildPhase section */
		E29FCAA818AFF72A000BEA92 /* Crashlytics */ = {
			isa = PBXShellScriptBuildPhase;
			buildActionMask = 2147483647;
			files = (
			);
			inputPaths = (
			);
			name = Crashlytics;
			outputPaths = (
			);
			runOnlyForDeploymentPostprocessing = 0;
			shellPath = /bin/sh;
			shellScript = "if [ \"$CONFIGURATION\" == \"Debug\" ]; then\n  echo \"Skipping Crashlytics in Debug configuration\"\nelse\n  ./Crashlytics.framework/run \"936a419a4a141683e2eb17db02a13b72ee02b362\" \"914e112a501318b6a55d3214bae28bdb52e7e0cc8ed727ec0917fe9cc61c70fd\"\nfi\n";
			showEnvVarsInLog = 0;
		};
/* End PBXShellScriptBuildPhase section */

/* Begin PBXSourcesBuildPhase section */
		8D11072C0486CEB800E47090 /* Sources */ = {
			isa = PBXSourcesBuildPhase;
			buildActionMask = 2147483647;
			files = (
				E2C2446F18B154B0003682FB /* MixpanelTracker.m in Sources */,
				E2E12C731343C96000B48700 /* AppDelegate.m in Sources */,
				E296D7E918A591C00091AAF3 /* ValueTransformers.m in Sources */,
				E2C2446E18B154B0003682FB /* Base64.c in Sources */,
				E289ED1A18A4BB8100A9D28D /* DirectoryScanner.m in Sources */,
				E279087A18AF410C00B752E1 /* main.m in Sources */,
				E279087918AF410C00B752E1 /* InAppStore.m in Sources */,
			);
			runOnlyForDeploymentPostprocessing = 0;
		};
/* End PBXSourcesBuildPhase section */

/* Begin PBXVariantGroup section */
		E296D7E118A56F890091AAF3 /* Localizable.strings */ = {
			isa = PBXVariantGroup;
			children = (
				E296D7E218A56F890091AAF3 /* en */,
			);
			name = Localizable.strings;
			sourceTree = "<group>";
		};
		E296D7E318A56F890091AAF3 /* MainMenu.xib */ = {
			isa = PBXVariantGroup;
			children = (
				E296D7E418A56F890091AAF3 /* en */,
			);
			name = MainMenu.xib;
			sourceTree = "<group>";
		};
/* End PBXVariantGroup section */

/* Begin XCBuildConfiguration section */
		C01FCF4B08A954540054247B /* Debug */ = {
			isa = XCBuildConfiguration;
			buildSettings = {
				BUNDLE_ID = "net.pol-online.compare-folders";
				BUNDLE_VERSION = 1120;
				BUNDLE_VERSION_STRING = 1.1.2;
				CODE_SIGN_ENTITLEMENTS = Entitlements.entitlements;
				CODE_SIGN_IDENTITY = "Mac Developer";
				FRAMEWORK_SEARCH_PATHS = "$(SRCROOT)";
				GCC_PRECOMPILE_PREFIX_HEADER = YES;
				GCC_PREFIX_HEADER = Prefix.pch;
				GCC_PREPROCESSOR_DEFINITIONS_NOT_USED_IN_PRECOMPS = (
					"__BUNDLE_ID__=\\\"$(BUNDLE_ID)\\\"",
					"__BUNDLE_VERSION__=\\\"$(BUNDLE_VERSION_STRING)\\\"",
				);
				INFOPLIST_FILE = Info.plist;
				OTHER_LDFLAGS = (
					"-framework",
					Crashlytics,
				);
				PRODUCT_NAME = "Compare Folders";
			};
			name = Debug;
		};
		C01FCF4C08A954540054247B /* Release */ = {
			isa = XCBuildConfiguration;
			buildSettings = {
				BUNDLE_ID = "net.pol-online.compare-folders";
				BUNDLE_VERSION = 1120;
				BUNDLE_VERSION_STRING = 1.1.2;
				CODE_SIGN_ENTITLEMENTS = Entitlements.entitlements;
				CODE_SIGN_IDENTITY = "Mac Developer";
				FRAMEWORK_SEARCH_PATHS = "$(SRCROOT)";
				GCC_PRECOMPILE_PREFIX_HEADER = YES;
				GCC_PREFIX_HEADER = Prefix.pch;
				GCC_PREPROCESSOR_DEFINITIONS_NOT_USED_IN_PRECOMPS = (
					"__BUNDLE_ID__=\\\"$(BUNDLE_ID)\\\"",
					"__BUNDLE_VERSION__=\\\"$(BUNDLE_VERSION_STRING)\\\"",
				);
				INFOPLIST_FILE = Info.plist;
				OTHER_LDFLAGS = (
					"-framework",
					Crashlytics,
				);
				PRODUCT_NAME = "Compare Folders";
			};
			name = Release;
		};
		C01FCF4F08A954540054247B /* Debug */ = {
			isa = XCBuildConfiguration;
			buildSettings = {
				ALWAYS_SEARCH_USER_PATHS = NO;
				ARCHS = "$(ARCHS_STANDARD)";
				CLANG_ENABLE_OBJC_ARC = YES;
				COMBINE_HIDPI_IMAGES = YES;
				DEBUG_INFORMATION_FORMAT = "dwarf-with-dsym";
				GCC_C_LANGUAGE_STANDARD = c99;
				GCC_OPTIMIZATION_LEVEL = 0;
				MACOSX_DEPLOYMENT_TARGET = 10.7;
				ONLY_ACTIVE_ARCH = YES;
				SDKROOT = macosx;
				WARNING_CFLAGS = "-Wall";
			};
			name = Debug;
		};
		C01FCF5008A954540054247B /* Release */ = {
			isa = XCBuildConfiguration;
			buildSettings = {
				ALWAYS_SEARCH_USER_PATHS = NO;
				ARCHS = "$(ARCHS_STANDARD)";
				CLANG_ENABLE_OBJC_ARC = YES;
				COMBINE_HIDPI_IMAGES = YES;
				DEBUG_INFORMATION_FORMAT = "dwarf-with-dsym";
				GCC_C_LANGUAGE_STANDARD = c99;
				GCC_PREPROCESSOR_DEFINITIONS = (
					NDEBUG,
					NS_BLOCK_ASSERTIONS,
				);
				GCC_TREAT_WARNINGS_AS_ERRORS = YES;
				MACOSX_DEPLOYMENT_TARGET = 10.7;
				SDKROOT = macosx;
				WARNING_CFLAGS = "-Wall";
			};
			name = Release;
		};
/* End XCBuildConfiguration section */

/* Begin XCConfigurationList section */
		C01FCF4A08A954540054247B /* Build configuration list for PBXNativeTarget "CompareFolders" */ = {
			isa = XCConfigurationList;
			buildConfigurations = (
				C01FCF4B08A954540054247B /* Debug */,
				C01FCF4C08A954540054247B /* Release */,
			);
			defaultConfigurationIsVisible = 0;
			defaultConfigurationName = Release;
		};
		C01FCF4E08A954540054247B /* Build configuration list for PBXProject "CompareFolders" */ = {
			isa = XCConfigurationList;
			buildConfigurations = (
				C01FCF4F08A954540054247B /* Debug */,
				C01FCF5008A954540054247B /* Release */,
			);
			defaultConfigurationIsVisible = 0;
			defaultConfigurationName = Release;
		};
/* End XCConfigurationList section */
	};
	rootObject = 29B97313FDCFA39411CA2CEA /* Project object */;
}
